
Microsoft Visual Studio Solution File, Format Version 12.00
# Visual Studio Version 16
VisualStudioVersion = 16.0.29709.97
MinimumVisualStudioVersion = 10.0.40219.1
Project("{8BC9CEB8-8B4A-11D0-8D11-00A0C91BC942}") = "COOP", "COOP\COOP.vcxproj", "{8B47EE4B-47F6-48C1-BD78-4600C05F911F}"
EndProject
Project("{8BC9CEB8-8B4A-11D0-8D11-00A0C91BC942}") = "COOP_C_TestProxy", "COOP_C_TestProxy\COOP_C_TestProxy.vcxproj", "{61048CFF-00AF-4E22-A0AA-5F09AC9DC499}"
EndProject
Project("{8BC9CEB8-8B4A-11D0-8D11-00A0C91BC942}") = "UnitTests", "UnitTests\UnitTests.vcxproj", "{90FB5748-CF5A-451B-8E26-935EE7CF3194}"
EndProject
Project("{8BC9CEB8-8B4A-11D0-8D11-00A0C91BC942}") = "Catch2Tests", "Catch2UnitTests\Catch2UnitTests.vcxproj", "{335C110A-0964-4199-913E-199A04F5AF22}"
EndProject
Project("{8BC9CEB8-8B4A-11D0-8D11-00A0C91BC942}") = "UnitTestsC", "UnitTestsC\UnitTestsC.vcxproj", "{D2148006-6079-4332-AA91-403829F98457}"
EndProject
Global
	GlobalSection(SolutionConfigurationPlatforms) = preSolution
		Debug|x64 = Debug|x64
		Debug|x86 = Debug|x86
		Release|x64 = Release|x64
		Release|x86 = Release|x86
	EndGlobalSection
	GlobalSection(ProjectConfigurationPlatforms) = postSolution
		{8B47EE4B-47F6-48C1-BD78-4600C05F911F}.Debug|x64.ActiveCfg = Debug|x64
		{8B47EE4B-47F6-48C1-BD78-4600C05F911F}.Debug|x64.Build.0 = Debug|x64
		{8B47EE4B-47F6-48C1-BD78-4600C05F911F}.Debug|x86.ActiveCfg = Debug|Win32
		{8B47EE4B-47F6-48C1-BD78-4600C05F911F}.Debug|x86.Build.0 = Debug|Win32
		{8B47EE4B-47F6-48C1-BD78-4600C05F911F}.Release|x64.ActiveCfg = Release|x64
		{8B47EE4B-47F6-48C1-BD78-4600C05F911F}.Release|x64.Build.0 = Release|x64
		{8B47EE4B-47F6-48C1-BD78-4600C05F911F}.Release|x86.ActiveCfg = Release|Win32
		{8B47EE4B-47F6-48C1-BD78-4600C05F911F}.Release|x86.Build.0 = Release|Win32
		{61048CFF-00AF-4E22-A0AA-5F09AC9DC499}.Debug|x64.ActiveCfg = Debug|x64
		{61048CFF-00AF-4E22-A0AA-5F09AC9DC499}.Debug|x64.Build.0 = Debug|x64
		{61048CFF-00AF-4E22-A0AA-5F09AC9DC499}.Debug|x86.ActiveCfg = Debug|Win32
		{61048CFF-00AF-4E22-A0AA-5F09AC9DC499}.Debug|x86.Build.0 = Debug|Win32
		{61048CFF-00AF-4E22-A0AA-5F09AC9DC499}.Release|x64.ActiveCfg = Release|x64
		{61048CFF-00AF-4E22-A0AA-5F09AC9DC499}.Release|x64.Build.0 = Release|x64
		{61048CFF-00AF-4E22-A0AA-5F09AC9DC499}.Release|x86.ActiveCfg = Release|Win32
		{61048CFF-00AF-4E22-A0AA-5F09AC9DC499}.Release|x86.Build.0 = Release|Win32
		{90FB5748-CF5A-451B-8E26-935EE7CF3194}.Debug|x64.ActiveCfg = Debug|x64
		{90FB5748-CF5A-451B-8E26-935EE7CF3194}.Debug|x64.Build.0 = Debug|x64
		{90FB5748-CF5A-451B-8E26-935EE7CF3194}.Debug|x86.ActiveCfg = Debug|Win32
		{90FB5748-CF5A-451B-8E26-935EE7CF3194}.Debug|x86.Build.0 = Debug|Win32
		{90FB5748-CF5A-451B-8E26-935EE7CF3194}.Release|x64.ActiveCfg = Release|x64
		{90FB5748-CF5A-451B-8E26-935EE7CF3194}.Release|x64.Build.0 = Release|x64
		{90FB5748-CF5A-451B-8E26-935EE7CF3194}.Release|x86.ActiveCfg = Release|Win32
		{90FB5748-CF5A-451B-8E26-935EE7CF3194}.Release|x86.Build.0 = Release|Win32
		{335C110A-0964-4199-913E-199A04F5AF22}.Debug|x64.ActiveCfg = Debug|x64
		{335C110A-0964-4199-913E-199A04F5AF22}.Debug|x64.Build.0 = Debug|x64
		{335C110A-0964-4199-913E-199A04F5AF22}.Debug|x86.ActiveCfg = Debug|Win32
		{335C110A-0964-4199-913E-199A04F5AF22}.Debug|x86.Build.0 = Debug|Win32
		{335C110A-0964-4199-913E-199A04F5AF22}.Release|x64.ActiveCfg = Release|x64
		{335C110A-0964-4199-913E-199A04F5AF22}.Release|x64.Build.0 = Release|x64
		{335C110A-0964-4199-913E-199A04F5AF22}.Release|x86.ActiveCfg = Release|Win32
		{335C110A-0964-4199-913E-199A04F5AF22}.Release|x86.Build.0 = Release|Win32
		{D2148006-6079-4332-AA91-403829F98457}.Debug|x64.ActiveCfg = Debug|x64
		{D2148006-6079-4332-AA91-403829F98457}.Debug|x64.Build.0 = Debug|x64
		{D2148006-6079-4332-AA91-403829F98457}.Debug|x86.ActiveCfg = Debug|Win32
		{D2148006-6079-4332-AA91-403829F98457}.Debug|x86.Build.0 = Debug|Win32
		{D2148006-6079-4332-AA91-403829F98457}.Release|x64.ActiveCfg = Release|x64
		{D2148006-6079-4332-AA91-403829F98457}.Release|x64.Build.0 = Release|x64
		{D2148006-6079-4332-AA91-403829F98457}.Release|x86.ActiveCfg = Release|Win32
		{D2148006-6079-4332-AA91-403829F98457}.Release|x86.Build.0 = Release|Win32
	EndGlobalSection
	GlobalSection(SolutionProperties) = preSolution
		HideSolutionNode = FALSE
	EndGlobalSection
	GlobalSection(ExtensibilityGlobals) = postSolution
		SolutionGuid = {DC7D6614-C5D6-4FF4-B212-8E344A02E331}
	EndGlobalSection
EndGlobal
