
Microsoft Visual Studio Solution File, Format Version 12.00
# Visual Studio Version 16
VisualStudioVersion = 16.0.29509.3
MinimumVisualStudioVersion = 10.0.40219.1
Project("{8BC9CEB8-8B4A-11D0-8D11-00A0C91BC942}") = "object", "object\object.vcxproj", "{AD764AF1-8144-44C6-A7D7-7084B1FAC6F2}"
EndProject
Project("{8BC9CEB8-8B4A-11D0-8D11-00A0C91BC942}") = "Object_unitTest", "Object_unitTest\Object_unitTest.vcxproj", "{5EE53FEA-1D7C-4CC7-9650-9547430BBEA8}"
EndProject
Project("{8BC9CEB8-8B4A-11D0-8D11-00A0C91BC942}") = "Cache_UnitTest", "Cache_UnitTest\Cache_UnitTest.vcxproj", "{840216F5-441F-4916-AA51-FE1DA038EBAF}"
EndProject
Global
	GlobalSection(SolutionConfigurationPlatforms) = preSolution
		Debug|x64 = Debug|x64
		Debug|x86 = Debug|x86
		Release|x64 = Release|x64
		Release|x86 = Release|x86
	EndGlobalSection
	GlobalSection(ProjectConfigurationPlatforms) = postSolution
		{AD764AF1-8144-44C6-A7D7-7084B1FAC6F2}.Debug|x64.ActiveCfg = Debug|x64
		{AD764AF1-8144-44C6-A7D7-7084B1FAC6F2}.Debug|x64.Build.0 = Debug|x64
		{AD764AF1-8144-44C6-A7D7-7084B1FAC6F2}.Debug|x86.ActiveCfg = Debug|Win32
		{AD764AF1-8144-44C6-A7D7-7084B1FAC6F2}.Debug|x86.Build.0 = Debug|Win32
		{AD764AF1-8144-44C6-A7D7-7084B1FAC6F2}.Release|x64.ActiveCfg = Release|x64
		{AD764AF1-8144-44C6-A7D7-7084B1FAC6F2}.Release|x64.Build.0 = Release|x64
		{AD764AF1-8144-44C6-A7D7-7084B1FAC6F2}.Release|x86.ActiveCfg = Release|Win32
		{AD764AF1-8144-44C6-A7D7-7084B1FAC6F2}.Release|x86.Build.0 = Release|Win32
		{5EE53FEA-1D7C-4CC7-9650-9547430BBEA8}.Debug|x64.ActiveCfg = Debug|x64
		{5EE53FEA-1D7C-4CC7-9650-9547430BBEA8}.Debug|x64.Build.0 = Debug|x64
		{5EE53FEA-1D7C-4CC7-9650-9547430BBEA8}.Debug|x86.ActiveCfg = Debug|Win32
		{5EE53FEA-1D7C-4CC7-9650-9547430BBEA8}.Debug|x86.Build.0 = Debug|Win32
		{5EE53FEA-1D7C-4CC7-9650-9547430BBEA8}.Release|x64.ActiveCfg = Release|x64
		{5EE53FEA-1D7C-4CC7-9650-9547430BBEA8}.Release|x64.Build.0 = Release|x64
		{5EE53FEA-1D7C-4CC7-9650-9547430BBEA8}.Release|x86.ActiveCfg = Release|Win32
		{5EE53FEA-1D7C-4CC7-9650-9547430BBEA8}.Release|x86.Build.0 = Release|Win32
		{840216F5-441F-4916-AA51-FE1DA038EBAF}.Debug|x64.ActiveCfg = Debug|x64
		{840216F5-441F-4916-AA51-FE1DA038EBAF}.Debug|x64.Build.0 = Debug|x64
		{840216F5-441F-4916-AA51-FE1DA038EBAF}.Debug|x86.ActiveCfg = Debug|x64
		{840216F5-441F-4916-AA51-FE1DA038EBAF}.Release|x64.ActiveCfg = Release|x64
		{840216F5-441F-4916-AA51-FE1DA038EBAF}.Release|x64.Build.0 = Release|x64
		{840216F5-441F-4916-AA51-FE1DA038EBAF}.Release|x86.ActiveCfg = Release|x64
	EndGlobalSection
	GlobalSection(SolutionProperties) = preSolution
		HideSolutionNode = FALSE
	EndGlobalSection
	GlobalSection(ExtensibilityGlobals) = postSolution
		SolutionGuid = {AC103131-45CD-45FB-A799-2C55A2F6FBCD}
	EndGlobalSection
EndGlobal
