<?xml version="1.0" encoding="utf-8"?>
<Project ToolsVersion="4.0" xmlns="http://schemas.microsoft.com/developer/msbuild/2003">
  <ItemGroup>
    <Filter Include="Infra">
      <UniqueIdentifier>{e7cd9cba-2fc9-4c9e-8945-ee722a9e99ff}</UniqueIdentifier>
    </Filter>
    <Filter Include="MemoryManagement">
      <UniqueIdentifier>{6179e962-d66d-48bb-925f-0dc1ddf35f6b}</UniqueIdentifier>
    </Filter>
  </ItemGroup>
  <ItemGroup>
    <ClInclude Include="COOP.h">
      <Filter>Infra</Filter>
    </ClInclude>
    <ClInclude Include="ExportDefs.h">
      <Filter>Infra</Filter>
    </ClInclude>
    <ClInclude Include="InMemoryCache.h">
      <Filter>MemoryManagement</Filter>
    </ClInclude>
    <ClInclude Include="DynamicMemoryManagement.h">
      <Filter>MemoryManagement</Filter>
    </ClInclude>
    <ClInclude Include="HeapCache.h">
      <Filter>MemoryManagement</Filter>
    </ClInclude>
    <ClInclude Include="ICache.h">
      <Filter>MemoryManagement</Filter>
    </ClInclude>
    <ClInclude Include="Vector.h" />
    <ClInclude Include="Tensor.h" />
    <ClInclude Include="UnitTestsInfra.h">
      <Filter>Infra</Filter>
    </ClInclude>
    <ClInclude Include="SharedPodPtr.h" />
    <ClInclude Include="ClassDefMacros.h">
      <Filter>Infra</Filter>
    </ClInclude>
    <ClInclude Include="InheritenceDefMacros.h">
      <Filter>Infra</Filter>
    </ClInclude>
    <ClInclude Include="Object.h">
      <Filter>Infra</Filter>
    </ClInclude>
    <ClInclude Include="ObjectBaseStructs.h">
      <Filter>Infra</Filter>
    </ClInclude>
    <ClInclude Include="ObjectLifecycleManagement.h">
      <Filter>Infra</Filter>
    </ClInclude>
    <ClInclude Include="VirtualFuncCalling.h">
      <Filter>Infra</Filter>
    </ClInclude>
    <ClInclude Include="MathUtils.h">
      <Filter>Infra</Filter>
    </ClInclude>
    <ClInclude Include="SharedObjPtr.h" />
    <ClInclude Include="HashTable.h" />
  </ItemGroup>
  <ItemGroup>
    <ClCompile Include="InMemoryCache.c">
      <Filter>MemoryManagement</Filter>
    </ClCompile>
    <ClCompile Include="DynamicMemoryManagement.c">
      <Filter>MemoryManagement</Filter>
    </ClCompile>
    <ClCompile Include="HeapCache.c">
      <Filter>MemoryManagement</Filter>
    </ClCompile>
    <ClCompile Include="ICache.c">
      <Filter>MemoryManagement</Filter>
    </ClCompile>
    <ClCompile Include="Vector.c" />
    <ClCompile Include="Tensor.c" />
    <ClCompile Include="SharedPodPtr.c" />
    <ClCompile Include="ObjectLifecycleManagement.c">
      <Filter>Infra</Filter>
    </ClCompile>
    <ClCompile Include="VirtualFuncCalling.c">
      <Filter>Infra</Filter>
    </ClCompile>
    <ClCompile Include="SharedObjPtr.c" />
    <ClCompile Include="HashTable.c" />
  </ItemGroup>
</Project>