<?xml version="1.0" encoding="utf-8"?>
<Project ToolsVersion="4.0" xmlns="http://schemas.microsoft.com/developer/msbuild/2003">
  <ItemGroup>
    <ClCompile Include="Cache.c">
      <Filter>MemoryManagement</Filter>
    </ClCompile>
    <ClCompile Include="HeapCache.c">
      <Filter>MemoryManagement</Filter>
    </ClCompile>
    <ClCompile Include="iCache.c">
      <Filter>MemoryManagement</Filter>
    </ClCompile>
    <ClCompile Include="obj_lifecycle_management.c">
      <Filter>OOP</Filter>
    </ClCompile>
    <ClCompile Include="virtual_func_calling.c">
      <Filter>OOP</Filter>
    </ClCompile>
    <ClCompile Include="dynamic_memory_management.c">
      <Filter>MemoryManagement</Filter>
    </ClCompile>
  </ItemGroup>
  <ItemGroup>
    <ClInclude Include="Cache.h">
      <Filter>MemoryManagement</Filter>
    </ClInclude>
    <ClInclude Include="HeapCache.h">
      <Filter>MemoryManagement</Filter>
    </ClInclude>
    <ClInclude Include="iCache.h">
      <Filter>MemoryManagement</Filter>
    </ClInclude>
    <ClInclude Include="object.h">
      <Filter>OOP</Filter>
    </ClInclude>
    <ClInclude Include="ExportDefs.h">
      <Filter>Infra</Filter>
    </ClInclude>
    <ClInclude Include="obj_base_structs.h">
      <Filter>OOP</Filter>
    </ClInclude>
    <ClInclude Include="class_def_macros.h">
      <Filter>OOP</Filter>
    </ClInclude>
    <ClInclude Include="inheritence_def_macros.h">
      <Filter>OOP</Filter>
    </ClInclude>
    <ClInclude Include="obj_lifecycle_management.h">
      <Filter>OOP</Filter>
    </ClInclude>
    <ClInclude Include="virtual_func_calling.h">
      <Filter>OOP</Filter>
    </ClInclude>
    <ClInclude Include="COOP.h">
      <Filter>Infra</Filter>
    </ClInclude>
    <ClInclude Include="dynamic_memory_management.h">
      <Filter>MemoryManagement</Filter>
    </ClInclude>
  </ItemGroup>
  <ItemGroup>
    <Filter Include="MemoryManagement">
      <UniqueIdentifier>{a2acab42-1f74-466c-8101-d24f17fcd32c}</UniqueIdentifier>
    </Filter>
    <Filter Include="OOP">
      <UniqueIdentifier>{2cba6583-1b7c-4ba8-a15f-94f22162ed68}</UniqueIdentifier>
    </Filter>
    <Filter Include="Infra">
      <UniqueIdentifier>{e7793f14-a535-42fd-ae41-f49b3f7e9e67}</UniqueIdentifier>
    </Filter>
  </ItemGroup>
</Project>