<?xml version="1.0" encoding="utf-8"?>
<Project ToolsVersion="4.0" xmlns="http://schemas.microsoft.com/developer/msbuild/2003">
  <ItemGroup>
    <ClCompile Include="CacheTest.c" />
    <ClCompile Include="ExeptionTest.c" />
    <ClCompile Include="InheritTest.c" />
    <ClCompile Include="Mat.c" />
    <ClCompile Include="Mat4Test.c" />
    <ClCompile Include="ObjectTest.c" />
    <ClCompile Include="ScopeTest.c" />
    <ClCompile Include="SuperMat.c" />
    <ClCompile Include="SuperMat3_4Test.c" />
    <ClCompile Include="SuperMat4Test.c" />
  </ItemGroup>
  <ItemGroup>
    <ClInclude Include="CacheTest.h" />
    <ClInclude Include="ExeptionTest.h" />
    <ClInclude Include="Imports.h" />
    <ClInclude Include="InheritTest.h" />
    <ClInclude Include="Mat.h" />
    <ClInclude Include="Mat4Test.h" />
    <ClInclude Include="ObjectTest.h" />
    <ClInclude Include="ProxyExportDefs.h" />
    <ClInclude Include="ScopeTest.h" />
    <ClInclude Include="SuperMat.h" />
    <ClInclude Include="SuperMat3_4Test.h" />
    <ClInclude Include="SuperMat4Test.h" />
  </ItemGroup>
</Project>