<?xml version="1.0" encoding="utf-8"?>
<Project ToolsVersion="4.0" xmlns="http://schemas.microsoft.com/developer/msbuild/2003">
  <ItemGroup>
    <ClCompile Include="ScopesUnitTest.c">
      <Filter>ScopeTesting</Filter>
    </ClCompile>
    <ClCompile Include="ScopeTester.c">
      <Filter>ScopeTesting</Filter>
    </ClCompile>
    <ClCompile Include="MemManagementUnitTest.c">
      <Filter>MemManagementTesting</Filter>
    </ClCompile>
    <ClCompile Include="ExeptionUnitTest.c">
      <Filter>Exceptions</Filter>
    </ClCompile>
    <ClCompile Include="BaseClassExample.c">
      <Filter>Class Examples</Filter>
    </ClCompile>
    <ClCompile Include="DerivedClassExample.c">
      <Filter>Class Examples</Filter>
    </ClCompile>
    <ClCompile Include="InheritTest.c">
      <Filter>Class Tests</Filter>
    </ClCompile>
    <ClCompile Include="ClassUnitTest.c">
      <Filter>Class Tests</Filter>
    </ClCompile>
    <ClCompile Include="Rectangle.c">
      <Filter>Class Examples</Filter>
    </ClCompile>
    <ClCompile Include="vectorUnitTest.c">
      <Filter>Class Tests</Filter>
    </ClCompile>
    <ClCompile Include="TypeTest.c">
      <Filter>ScopeTesting</Filter>
    </ClCompile>
    <ClCompile Include="ClassTest.c" />
    <ClCompile Include="CharTest.c">
      <Filter>ScopeTesting</Filter>
    </ClCompile>
  </ItemGroup>
  <ItemGroup>
    <ClInclude Include="ProxyExportDefs.h" />
    <ClInclude Include="ScopesUnitTest.h">
      <Filter>ScopeTesting</Filter>
    </ClInclude>
    <ClInclude Include="ScopeTester.h">
      <Filter>ScopeTesting</Filter>
    </ClInclude>
    <ClInclude Include="MemManagementUnitTest.h">
      <Filter>MemManagementTesting</Filter>
    </ClInclude>
    <ClInclude Include="ExeptionUnitTest.h">
      <Filter>Exceptions</Filter>
    </ClInclude>
    <ClInclude Include="BaseClassExample.h">
      <Filter>Class Examples</Filter>
    </ClInclude>
    <ClInclude Include="DerivedClassExample.h">
      <Filter>Class Examples</Filter>
    </ClInclude>
    <ClInclude Include="InheritTest.h">
      <Filter>Class Tests</Filter>
    </ClInclude>
    <ClInclude Include="ClassUnitTest.h">
      <Filter>Class Tests</Filter>
    </ClInclude>
    <ClInclude Include="Rectangle.h">
      <Filter>Class Examples</Filter>
    </ClInclude>
    <ClInclude Include="vectorUnitTest.h">
      <Filter>Class Tests</Filter>
    </ClInclude>
    <ClInclude Include="TypeTest.h">
      <Filter>ScopeTesting</Filter>
    </ClInclude>
    <ClInclude Include="ClassTest.h" />
    <ClInclude Include="CharTest.h">
      <Filter>ScopeTesting</Filter>
    </ClInclude>
  </ItemGroup>
  <ItemGroup>
    <Filter Include="ScopeTesting">
      <UniqueIdentifier>{80067da1-e443-4e32-a10b-78898f3d4219}</UniqueIdentifier>
    </Filter>
    <Filter Include="MemManagementTesting">
      <UniqueIdentifier>{e3b70ba6-d932-416c-8a70-421a70afae0e}</UniqueIdentifier>
    </Filter>
    <Filter Include="Exceptions">
      <UniqueIdentifier>{a98ff276-ed7d-4c7c-867c-e5c3d5f46a2c}</UniqueIdentifier>
    </Filter>
    <Filter Include="Class Examples">
      <UniqueIdentifier>{adc3e584-32e8-4a07-a256-a7b14324aade}</UniqueIdentifier>
    </Filter>
    <Filter Include="Class Tests">
      <UniqueIdentifier>{a7a3ad00-8e14-4a2f-bacb-30ecb42a8171}</UniqueIdentifier>
    </Filter>
  </ItemGroup>
</Project>