<?xml version="1.0" encoding="utf-8"?>
<Project ToolsVersion="4.0" xmlns="http://schemas.microsoft.com/developer/msbuild/2003">
  <ItemGroup>
    <Filter Include="Source Files">
      <UniqueIdentifier>{4FC737F1-C7A5-4376-A066-2A32D752A2FF}</UniqueIdentifier>
      <Extensions>cpp;c;cc;cxx;c++;cppm;ixx;def;odl;idl;hpj;bat;asm;asmx</Extensions>
    </Filter>
    <Filter Include="Header Files">
      <UniqueIdentifier>{93995380-89BD-4b04-88EB-625FBE52EBFB}</UniqueIdentifier>
      <Extensions>h;hh;hpp;hxx;h++;hm;inl;inc;ipp;xsd</Extensions>
    </Filter>
    <Filter Include="AuxClasses">
      <UniqueIdentifier>{bbd8e8d6-62bc-4fdd-acf0-42a1f1ab1a18}</UniqueIdentifier>
    </Filter>
  </ItemGroup>
  <ItemGroup>
    <ClCompile Include="DemoClassTest.c">
      <Filter>Source Files</Filter>
    </ClCompile>
    <ClCompile Include="InheritanceTest.c">
      <Filter>Source Files</Filter>
    </ClCompile>
    <ClCompile Include="_RUNNER_.c">
      <Filter>Source Files</Filter>
    </ClCompile>
    <ClCompile Include="rbTreeIterUnitTest.c">
      <Filter>Source Files</Filter>
    </ClCompile>
    <ClCompile Include="rbTreeUnitTest.c">
      <Filter>Source Files</Filter>
    </ClCompile>
    <ClCompile Include="vectorUnitTest.c">
      <Filter>Source Files</Filter>
    </ClCompile>
    <ClCompile Include="ExeptionUnitTest.c">
      <Filter>Source Files</Filter>
    </ClCompile>
    <ClCompile Include="MemManagementUnitTest.c">
      <Filter>Source Files</Filter>
    </ClCompile>
    <ClCompile Include="shared_ptr_test.c">
      <Filter>Source Files</Filter>
    </ClCompile>
    <ClCompile Include="ScopesUnitTest.c">
      <Filter>Source Files</Filter>
    </ClCompile>
    <ClCompile Include="HashTableUnitTest.c">
      <Filter>Source Files</Filter>
    </ClCompile>
    <ClCompile Include="NdarrayTest.c">
      <Filter>Source Files</Filter>
    </ClCompile>
    <ClCompile Include="BaseClassExample.c">
      <Filter>AuxClasses</Filter>
    </ClCompile>
    <ClCompile Include="DerivedClassExample.c">
      <Filter>AuxClasses</Filter>
    </ClCompile>
    <ClCompile Include="Rectangle.c">
      <Filter>AuxClasses</Filter>
    </ClCompile>
    <ClCompile Include="ScopeTester.c">
      <Filter>AuxClasses</Filter>
    </ClCompile>
  </ItemGroup>
  <ItemGroup>
    <ClInclude Include="DemoClassTest.h">
      <Filter>Header Files</Filter>
    </ClInclude>
    <ClInclude Include="test_defs.h">
      <Filter>Header Files</Filter>
    </ClInclude>
    <ClInclude Include="InheritanceTest.h">
      <Filter>Header Files</Filter>
    </ClInclude>
    <ClInclude Include="rbTreeIterUnitTest.h">
      <Filter>Header Files</Filter>
    </ClInclude>
    <ClInclude Include="rbTreeUnitTest.h">
      <Filter>Header Files</Filter>
    </ClInclude>
    <ClInclude Include="vectorUnitTest.h">
      <Filter>Header Files</Filter>
    </ClInclude>
    <ClInclude Include="ExeptionUnitTest.h">
      <Filter>Header Files</Filter>
    </ClInclude>
    <ClInclude Include="MemManagementUnitTest.h">
      <Filter>Header Files</Filter>
    </ClInclude>
    <ClInclude Include="ScopesUnitTest.h">
      <Filter>Header Files</Filter>
    </ClInclude>
    <ClInclude Include="HashTableUnitTest.h">
      <Filter>Header Files</Filter>
    </ClInclude>
    <ClInclude Include="NdarrayTest.h">
      <Filter>Header Files</Filter>
    </ClInclude>
    <ClInclude Include="BaseClassExample.h">
      <Filter>AuxClasses</Filter>
    </ClInclude>
    <ClInclude Include="DerivedClassExample.h">
      <Filter>AuxClasses</Filter>
    </ClInclude>
    <ClInclude Include="Rectangle.h">
      <Filter>AuxClasses</Filter>
    </ClInclude>
    <ClInclude Include="ScopeTester.h">
      <Filter>AuxClasses</Filter>
    </ClInclude>
  </ItemGroup>
</Project>