<?xml version="1.0" encoding="utf-8"?>
<Project ToolsVersion="4.0" xmlns="http://schemas.microsoft.com/developer/msbuild/2003">
  <ItemGroup>
    <Filter Include="AuxClasses">
      <UniqueIdentifier>{bbd8e8d6-62bc-4fdd-acf0-42a1f1ab1a18}</UniqueIdentifier>
    </Filter>
    <Filter Include="InfraTests">
      <UniqueIdentifier>{dbbdb115-27f0-492e-959e-54d884d1c870}</UniqueIdentifier>
    </Filter>
    <Filter Include="DataStructuresTests">
      <UniqueIdentifier>{20682dc8-fab4-4d39-80fe-7615c7068915}</UniqueIdentifier>
    </Filter>
    <Filter Include="Sample">
      <UniqueIdentifier>{9af0af37-045e-4718-bec3-531e312d5f07}</UniqueIdentifier>
    </Filter>
  </ItemGroup>
  <ItemGroup>
    <ClCompile Include="BaseClassExample.c">
      <Filter>AuxClasses</Filter>
    </ClCompile>
    <ClCompile Include="DerivedClassExample.c">
      <Filter>AuxClasses</Filter>
    </ClCompile>
    <ClCompile Include="Rectangle.c">
      <Filter>AuxClasses</Filter>
    </ClCompile>
    <ClCompile Include="ScopeTester.c">
      <Filter>AuxClasses</Filter>
    </ClCompile>
    <ClCompile Include="InheritanceTest.c">
      <Filter>InfraTests</Filter>
    </ClCompile>
    <ClCompile Include="MemManagementUnitTest.c">
      <Filter>InfraTests</Filter>
    </ClCompile>
    <ClCompile Include="ExeptionUnitTest.c">
      <Filter>InfraTests</Filter>
    </ClCompile>
    <ClCompile Include="ScopesUnitTest.c">
      <Filter>InfraTests</Filter>
    </ClCompile>
    <ClCompile Include="SharedPodPtrUnitTest.c">
      <Filter>DataStructuresTests</Filter>
    </ClCompile>
    <ClCompile Include="VectorUnitTest.c">
      <Filter>DataStructuresTests</Filter>
    </ClCompile>
	<ClCompile Include="QueueUnitTest.c">
		<Filter>DataStructuresTests</Filter>
	</ClCompile>
    <ClCompile Include="DemoClassTest.c">
      <Filter>Sample</Filter>
    </ClCompile>
    <ClCompile Include="_RUNNER_.c" />
    <ClCompile Include="TensorUnitTest.c">
      <Filter>DataStructuresTests</Filter>
    </ClCompile>
    <ClCompile Include="CodeBlocksUnitTest.c">
      <Filter>InfraTests</Filter>
    </ClCompile>
    <ClCompile Include="IteratorUnitTest.c">
      <Filter>DataStructuresTests</Filter>
    </ClCompile>
  </ItemGroup>
  <ItemGroup>
    <ClInclude Include="BaseClassExample.h">
      <Filter>AuxClasses</Filter>
    </ClInclude>
    <ClInclude Include="DerivedClassExample.h">
      <Filter>AuxClasses</Filter>
    </ClInclude>
    <ClInclude Include="Rectangle.h">
      <Filter>AuxClasses</Filter>
    </ClInclude>
    <ClInclude Include="ScopeTester.h">
      <Filter>AuxClasses</Filter>
    </ClInclude>
    <ClInclude Include="InheritanceTest.h">
      <Filter>InfraTests</Filter>
    </ClInclude>
    <ClInclude Include="MemManagementUnitTest.h">
      <Filter>InfraTests</Filter>
    </ClInclude>
    <ClInclude Include="ScopesUnitTest.h">
      <Filter>InfraTests</Filter>
    </ClInclude>
    <ClInclude Include="ExeptionUnitTest.h">
      <Filter>InfraTests</Filter>
    </ClInclude>
    <ClInclude Include="VectorUnitTest.h">
      <Filter>DataStructuresTests</Filter>
    </ClInclude>
	<ClInclude Include="QueueUnitTest.h">
	  <Filter>DataStructuresTests</Filter>
	</ClInclude>
    <ClInclude Include="SharedPodPtrUnitTest.h">
      <Filter>DataStructuresTests</Filter>
    </ClInclude>
    <ClInclude Include="DemoClassTest.h">
      <Filter>Sample</Filter>
    </ClInclude>
    <ClInclude Include="TensorUnitTest.h">
      <Filter>DataStructuresTests</Filter>
    </ClInclude>
    <ClInclude Include="CodeBlocksUnitTest.h">
      <Filter>InfraTests</Filter>
    </ClInclude>
    <ClInclude Include="IteratorUnitTest.h">
      <Filter>DataStructuresTests</Filter>
    </ClInclude>
  </ItemGroup>
</Project>