<?xml version="1.0" encoding="utf-8"?>
<Project ToolsVersion="4.0" xmlns="http://schemas.microsoft.com/developer/msbuild/2003">
  <ItemGroup>
    <ClCompile Include="ExeptionTest.cpp" />
    <ClCompile Include="InheritTest.cpp" />
    <ClCompile Include="InMemoryCacheTest.cpp" />
    <ClCompile Include="Scopes_UnitTest.cpp" />
    <ClCompile Include="pch.cpp">
      <Filter>misc</Filter>
    </ClCompile>
    <ClCompile Include="Class_UnitTest.cpp" />
  </ItemGroup>
  <ItemGroup>
    <Filter Include="misc">
      <UniqueIdentifier>{4cee9a97-9af3-4949-a049-847755437ee5}</UniqueIdentifier>
    </Filter>
  </ItemGroup>
  <ItemGroup>
    <ClInclude Include="pch.h">
      <Filter>misc</Filter>
    </ClInclude>
  </ItemGroup>
  <ItemGroup>
    <None Include="packages.config">
      <Filter>misc</Filter>
    </None>
  </ItemGroup>
</Project>